{
    "hash": "387e3782374abf9dc5501984f7d87f9a",
    "packages": [
        {
            "name": "Ray/Aop",
            "version": "dev-master",
            "source": {
                "type": "git",
                "url": "https://github.com/koriym/Ray.Aop.git",
                "reference": "2d118d33454a2c2006b83a2d62ae9270eea33413"
            },
            "dist": {
                "type": "zip",
                "url": "https://github.com/koriym/Ray.Aop/zipball/2d118d33454a2c2006b83a2d62ae9270eea33413",
                "reference": "2d118d33454a2c2006b83a2d62ae9270eea33413",
                "shasum": ""
            },
            "require": {
                "php": ">=5.4.0",
                "doctrine/common": "2.3.*-dev"
            },
            "time": "1345435456",
            "type": "library",
            "installation-source": "source",
            "autoload": {
                "psr-0": {
                    "Ray\\Aop": "src/"
                }
            }
        },
        {
            "name": "Ray/Di",
            "version": "dev-master",
            "source": {
                "type": "git",
                "url": "git://github.com/koriym/Ray.Di.git",
                "reference": "1.0.0-beta1"
            },
            "dist": {
                "type": "zip",
                "url": "https://github.com/koriym/Ray.Di/zipball/1.0.0-beta1",
                "reference": "1.0.0-beta1",
                "shasum": ""
            },
            "require": {
                "php": ">=5.4.0",
                "doctrine/common": "2.3.*-dev",
                "aura/di": ">=1.0.*-dev",
                "ray/aop": "*"
            },
            "time": "1345435997",
            "type": "library",
            "installation-source": "source",
            "autoload": {
                "psr-0": {
                    "Ray\\Di": "src/",
                    "Aura\\Di": "vendor/Aura/Di/src/"
                }
            }
        },
        {
            "name": "aura/autoload",
            "version": "dev-master",
            "source": {
                "type": "git",
                "url": "https://github.com/auraphp/Aura.Autoload",
                "reference": "1.0.0-beta3"
            },
            "dist": {
                "type": "zip",
                "url": "https://github.com/auraphp/Aura.Autoload/zipball/1.0.0-beta3",
                "reference": "1.0.0-beta3",
                "shasum": ""
            },
            "require": {
                "php": ">=5.4.0"
            },
            "time": "1343709875",
            "type": "library",
            "installation-source": "source",
            "autoload": {
                "psr-0": {
                    "Aura\\Autoload": "src/"
                }
            }
        },
        {
            "name": "aura/di",
            "version": "dev-master",
            "source": {
                "type": "git",
                "url": "https://github.com/auraphp/Aura.Di",
                "reference": "8730acf19625fb74fca9f5ec8a0f80012c754442"
            },
            "dist": {
                "type": "zip",
                "url": "https://github.com/auraphp/Aura.Di/zipball/8730acf19625fb74fca9f5ec8a0f80012c754442",
                "reference": "8730acf19625fb74fca9f5ec8a0f80012c754442",
                "shasum": ""
            },
            "require": {
                "php": ">=5.4.0"
            },
            "time": "1346013492",
            "type": "library",
            "installation-source": "source",
            "autoload": {
                "psr-0": {
                    "Aura\\Di": "src/"
                }
            }
        },
        {
            "name": "aura/router",
            "version": "dev-master",
            "source": {
                "type": "git",
                "url": "https://github.com/auraphp/Aura.Router",
                "reference": "1.0.0-beta3"
            },
            "dist": {
                "type": "zip",
                "url": "https://github.com/auraphp/Aura.Router/zipball/1.0.0-beta3",
                "reference": "1.0.0-beta3",
                "shasum": ""
            },
            "require": {
                "php": ">=5.4.0"
            },
            "time": "1343710018",
            "type": "library",
            "installation-source": "source",
            "autoload": {
                "psr-0": {
                    "Aura\\Router": "src/"
                }
            }
        },
        {
            "name": "aura/signal",
            "version": "dev-master",
            "source": {
                "type": "git",
                "url": "https://github.com/auraphp/Aura.Signal",
                "reference": "1.0.0-beta3"
            },
            "dist": {
                "type": "zip",
                "url": "https://github.com/auraphp/Aura.Signal/zipball/1.0.0-beta3",
                "reference": "1.0.0-beta3",
                "shasum": ""
            },
            "require": {
                "php": ">=5.4.0"
            },
            "time": "1343710041",
            "type": "library",
            "installation-source": "source",
            "autoload": {
                "psr-0": {
                    "Aura\\Signal": "src/"
                }
            }
        },
        {
            "name": "aura/web",
            "version": "dev-master",
            "source": {
                "type": "git",
                "url": "https://github.com/auraphp/Aura.Web",
                "reference": "1.0.0-beta3"
            },
            "dist": {
                "type": "zip",
                "url": "https://github.com/auraphp/Aura.Web/zipball/1.0.0-beta3",
                "reference": "1.0.0-beta3",
                "shasum": ""
            },
            "require": {
                "php": ">=5.4.0"
            },
            "time": "1343710300",
            "type": "library",
            "installation-source": "source",
            "autoload": {
                "psr-0": {
                    "Aura\\Web": "src/"
                }
            }
        },
        {
            "name": "bear/resource",
            "version": "dev-master",
            "source": {
                "type": "git",
                "url": "https://github.com/koriym/BEAR.Resource.git",
                "reference": "2588a50882bef1379c2716653be263ff4a022ec3"
            },
            "dist": {
                "type": "zip",
                "url": "https://github.com/koriym/BEAR.Resource/zipball/2588a50882bef1379c2716653be263ff4a022ec3",
                "reference": "2588a50882bef1379c2716653be263ff4a022ec3",
                "shasum": ""
            },
            "require": {
                "aura/di": "dev-master",
                "aura/signal": "dev-master",
                "php": ">=5.4.0",
                "facebook/xhprof": "0.9.2",
                "guzzle/guzzle": "2.7.*",
                "doctrine/common": "2.3.*-dev",
                "ray/aop": "dev-master",
                "ray/di": "dev-master"
            },
            "time": "1348071387",
            "type": "library",
            "installation-source": "source",
            "autoload": {
                "psr-0": {
                    "BEAR\\Resource": "src/"
                }
            },
            "license": [
                "BSD-3-Clause"
            ],
            "authors": [
                {
                    "name": "Akihito Koriyama",
                    "email": "akihito.koriyama@gmail.com",
                    "homepage": "https://github.com/koriym"
                }
            ],
            "description": "RESTful service layer framework",
            "homepage": "https://github.com/koriym/BEAR.Resource",
            "keywords": [
                "rest",
                "service layer"
            ]
        },
        {
            "name": "doctrine/common",
            "version": "2.3.x-dev",
            "source": {
                "type": "git",
                "url": "https://github.com/doctrine/common",
                "reference": "24c761bf0f8337064b961a8fad85631a561d26c7"
            },
            "dist": {
                "type": "zip",
                "url": "https://github.com/doctrine/common/zipball/24c761bf0f8337064b961a8fad85631a561d26c7",
                "reference": "24c761bf0f8337064b961a8fad85631a561d26c7",
                "shasum": ""
            },
            "require": {
                "php": ">=5.3.2"
            },
            "time": "1347882477",
            "type": "library",
            "extra": {
                "branch-alias": {
                    "dev-master": "2.3.x-dev"
                }
            },
            "installation-source": "source",
            "autoload": {
                "psr-0": {
                    "Doctrine\\Common": "lib/"
                }
            },
            "license": [
                "MIT"
            ],
            "authors": [
                {
                    "name": "Jonathan Wage",
                    "email": "jonwage@gmail.com",
                    "homepage": "http://www.jwage.com/"
                },
                {
                    "name": "Guilherme Blanco",
                    "email": "guilhermeblanco@gmail.com"
                },
                {
                    "name": "Roman Borschel",
                    "email": "roman@code-factory.org"
                },
                {
                    "name": "Benjamin Eberlei",
                    "email": "kontakt@beberlei.de"
                },
                {
                    "name": "Johannes Schmitt",
                    "email": "schmittjoh@gmail.com",
                    "homepage": "http://jmsyst.com",
                    "role": "Developer of wrapped JMSSerializerBundle"
                }
            ],
            "description": "Common Library for Doctrine projects",
            "homepage": "http://www.doctrine-project.org",
            "keywords": [
                "collections",
                "spl",
                "eventmanager",
                "annotations",
                "persistence"
            ]
        },
        {
            "name": "doctrine/dbal",
            "version": "2.3.x-dev",
            "source": {
                "type": "git",
                "url": "https://github.com/doctrine/dbal",
                "reference": "c4fe3499781944f7f2b056fd164cfedc67cc0130"
            },
            "dist": {
                "type": "zip",
                "url": "https://github.com/doctrine/dbal/zipball/c4fe3499781944f7f2b056fd164cfedc67cc0130",
                "reference": "c4fe3499781944f7f2b056fd164cfedc67cc0130",
                "shasum": ""
            },
            "require": {
                "php": ">=5.3.2",
                "doctrine/common": "2.3.*"
            },
            "time": "1347882607",
            "type": "library",
            "extra": {
                "branch-alias": {
                    "dev-master": "2.3.x-dev"
                }
            },
            "installation-source": "source",
            "autoload": {
                "psr-0": {
                    "Doctrine\\DBAL": "lib/"
                }
            },
            "license": [
                "MIT"
            ],
            "authors": [
                {
                    "name": "Jonathan Wage",
                    "email": "jonwage@gmail.com",
                    "homepage": "http://www.jwage.com/"
                },
                {
                    "name": "Guilherme Blanco",
                    "email": "guilhermeblanco@gmail.com"
                },
                {
                    "name": "Roman Borschel",
                    "email": "roman@code-factory.org"
                },
                {
                    "name": "Benjamin Eberlei",
                    "email": "kontakt@beberlei.de"
                }
            ],
            "description": "Database Abstraction Layer",
            "homepage": "http://www.doctrine-project.org",
            "keywords": [
                "database",
                "persistence",
                "dbal",
                "queryobject"
            ]
        },
        {
            "name": "facebook/xhprof",
            "version": "0.9.2",
            "source": {
                "type": "git",
                "url": "https://github.com/facebook/xhprof.git",
                "reference": "master"
            },
            "dist": {
                "type": "zip",
                "url": "https://github.com/facebook/xhprof/zipball/master",
                "reference": null,
                "shasum": null
            },
            "type": "library",
            "installation-source": "dist"
        },
        {
            "name": "firephp/firephp-core",
            "version": "dev-master",
            "source": {
                "type": "git",
                "url": "https://github.com/RobLoach/firephp-core",
                "reference": "c26d972dcb28fd483fa193512091df7b3c85e450"
            },
            "dist": {
                "type": "zip",
                "url": "https://github.com/RobLoach/firephp-core/zipball/c26d972dcb28fd483fa193512091df7b3c85e450",
                "reference": "c26d972dcb28fd483fa193512091df7b3c85e450",
                "shasum": ""
            },
            "time": "1338250094",
            "type": "library",
            "installation-source": "source",
            "autoload": {
                "classmap": [
                    "lib/FirePHPCore/FirePHP.class.php",
                    "lib/FirePHPCore/fb.php"
                ]
            }
        },
        {
            "name": "guzzle/guzzle",
            "version": "v2.7.2",
            "source": {
                "type": "git",
                "url": "https://github.com/guzzle/guzzle",
                "reference": "v2.7.2"
            },
            "dist": {
                "type": "zip",
                "url": "https://github.com/guzzle/guzzle/zipball/v2.7.2",
                "reference": "v2.7.2",
                "shasum": ""
            },
            "require": {
                "php": ">=5.3.2",
                "ext-curl": "*",
                "symfony/event-dispatcher": "2.*"
            },
            "replace": {
                "guzzle/common": "self.version",
                "guzzle/http": "self.version",
                "guzzle/parser": "self.version"
            },
            "require-dev": {
                "doctrine/common": "*",
                "symfony/class-loader": "*",
                "monolog/monolog": "1.*",
                "zendframework/zend-cache": "2.0.*",
                "zendframework/zend-log": "2.0.*",
                "zendframework/zend-loader": "2.0.*",
                "zendframework/zend-stdlib": "2.0.*",
                "zendframework/zend-eventmanager": "2.0.*",
                "zendframework/zend-servicemanager": "2.0.*",
                "zend/zend-log1": "1.11",
                "zend/zend-cache1": "1.11"
            },
            "time": "2012-07-02 13:04:37",
            "type": "library",
            "installation-source": "dist",
            "autoload": {
                "psr-0": {
                    "Guzzle\\Tests": "tests/",
                    "Guzzle": "src/"
                }
            }
        },
        {
            "name": "monolog/monolog",
            "version": "dev-master",
            "source": {
                "type": "git",
                "url": "https://github.com/Seldaek/monolog",
                "reference": "09b3a80cfaf3e323e348a5e817afeee98d5e6b48"
            },
            "dist": {
                "type": "zip",
                "url": "https://github.com/Seldaek/monolog/zipball/09b3a80cfaf3e323e348a5e817afeee98d5e6b48",
                "reference": "09b3a80cfaf3e323e348a5e817afeee98d5e6b48",
                "shasum": ""
            },
            "require": {
                "php": ">=5.3.0"
            },
            "require-dev": {
                "mlehner/gelf-php": "1.0.*"
            },
            "suggest": {
                "mlehner/gelf-php": "Allow sending log messages to a GrayLog2 server",
                "ext-amqp": "Allow sending log messages to an AMQP server (1.0+ required)",
                "ext-mongo": "Allow sending log messages to a MongoDB server"
            },
            "time": "1347983448",
            "type": "library",
            "extra": {
                "branch-alias": {
                    "dev-master": "1.3.x-dev"
                }
            },
            "installation-source": "source",
            "autoload": {
                "psr-0": {
                    "Monolog": "src/"
                }
            },
            "license": [
                "MIT"
            ],
            "authors": [
                {
                    "name": "Jordi Boggiano",
                    "email": "j.boggiano@seld.be",
                    "homepage": "http://seld.be",
                    "role": "Developer"
                }
            ],
            "description": "Logging for PHP 5.3",
            "homepage": "http://github.com/Seldaek/monolog",
            "keywords": [
                "log",
                "logging"
            ]
        },
        {
            "name": "nocarrier/hal",
            "version": "dev-master",
            "source": {
                "type": "git",
                "url": "https://github.com/blongden/hal",
                "reference": "896ed6cdb777a81731423ac05cf733de2dadd93b"
            },
            "dist": {
                "type": "zip",
                "url": "https://github.com/blongden/hal/zipball/896ed6cdb777a81731423ac05cf733de2dadd93b",
                "reference": "896ed6cdb777a81731423ac05cf733de2dadd93b",
                "shasum": ""
            },
            "require": {
                "php": ">=5.3.0"
            },
            "time": "1347272754",
            "type": "library",
            "installation-source": "source",
            "autoload": {
                "psr-0": {
                    "Nocarrier": "src"
                }
            },
            "license": [
                "MIT"
            ],
            "authors": [
                {
                    "name": "Ben Longden",
                    "email": "ben@nocarrier.co.uk",
                    "homepage": "http://nocarrier.co.uk"
                }
            ],
            "description": "application/hal builder / formatter for PHP 5.3+",
            "homepage": "https://github.com/blongden/hal",
            "keywords": [
                "json",
                "xml",
                "rest",
                "hal",
                "hypermedia"
            ]
        },
        {
            "name": "pagerfanta/pagerfanta",
            "version": "dev-master",
            "source": {
                "type": "git",
                "url": "git://github.com/whiteoctober/Pagerfanta.git",
                "reference": "12f71d99457b018fb80746f84514dd5b495c5789"
            },
            "dist": {
                "type": "zip",
                "url": "https://github.com/whiteoctober/Pagerfanta/zipball/12f71d99457b018fb80746f84514dd5b495c5789",
                "reference": "12f71d99457b018fb80746f84514dd5b495c5789",
                "shasum": ""
            },
            "require": {
                "php": ">=5.3.0"
            },
            "suggest": {
                "doctrine/orm": "2.*",
                "doctrine/mongodb-odm": "2.*",
                "solarium/solarium": "2.*"
            },
            "time": "1345672591",
            "type": "library",
            "installation-source": "source",
            "autoload": {
                "psr-0": {
                    "Pagerfanta\\": "src/"
                }
            }
        },
        {
            "name": "printo/printo",
            "version": "dev-master",
            "source": {
                "type": "git",
                "url": "https://github.com/koriym/print_o.git",
                "reference": "0cd9c846a68655122bfcef7d79e2e893329eaecf"
            },
            "dist": {
                "type": "zip",
                "url": "https://github.com/koriym/print_o/zipball/0cd9c846a68655122bfcef7d79e2e893329eaecf",
                "reference": "0cd9c846a68655122bfcef7d79e2e893329eaecf",
                "shasum": ""
            },
            "require": {
                "php": ">=5.4.0"
            },
            "time": "1345448885",
            "type": "library",
            "installation-source": "source",
            "autoload": {
                "classmap": [
                    "src/Printo/Printo.php",
                    "src/Printo/print_o.php"
                ]
            }
        },
        {
            "name": "smarty/smarty",
            "version": "v3.1.11",
            "source": {
                "type": "svn",
                "url": "http://smarty-php.googlecode.com/svn",
                "reference": "/tags/v3.1.11/@4636"
            },
            "require": {
                "php": ">=5.2"
            },
            "time": "2012-07-02 09:17:26",
            "type": "library",
            "installation-source": "source",
            "autoload": {
                "classmap": [
                    "distribution/libs/Smarty.class.php"
                ]
            }
        },
        {
            "name": "symfony/console",
            "version": "2.0.x-dev",
            "target-dir": "Symfony/Component/Console",
            "source": {
                "type": "git",
                "url": "https://github.com/symfony/Console",
                "reference": "v2.0.17"
            },
            "dist": {
                "type": "zip",
                "url": "https://github.com/symfony/Console/zipball/v2.0.17",
                "reference": "v2.0.17",
                "shasum": ""
            },
            "require": {
                "php": ">=5.3.2"
            },
            "time": "1342761932",
            "type": "library",
            "installation-source": "source",
            "autoload": {
                "psr-0": {
                    "Symfony\\Component\\Console": ""
                }
            }
        },
        {
            "name": "symfony/event-dispatcher",
            "version": "dev-master",
            "target-dir": "Symfony/Component/EventDispatcher",
            "source": {
                "type": "git",
                "url": "https://github.com/symfony/EventDispatcher",
                "reference": "55c3658b46e62781af0fcf2119a07cdab2f12996"
            },
            "dist": {
                "type": "zip",
                "url": "https://github.com/symfony/EventDispatcher/zipball/55c3658b46e62781af0fcf2119a07cdab2f12996",
                "reference": "55c3658b46e62781af0fcf2119a07cdab2f12996",
                "shasum": ""
            },
            "require": {
                "php": ">=5.3.3"
            },
            "require-dev": {
                "symfony/dependency-injection": "2.2.*"
            },
            "suggest": {
                "symfony/dependency-injection": "2.2.*",
                "symfony/http-kernel": "2.2.*"
            },
            "time": "1347274777",
            "type": "library",
            "extra": {
                "branch-alias": {
                    "dev-master": "2.2-dev"
                }
            },
            "installation-source": "source",
            "autoload": {
                "psr-0": {
                    "Symfony\\Component\\EventDispatcher": ""
                }
            },
            "license": [
                "MIT"
            ],
            "authors": [
                {
                    "name": "Fabien Potencier",
                    "email": "fabien@symfony.com"
                },
                {
                    "name": "Symfony Community",
                    "homepage": "http://symfony.com/contributors"
                }
            ],
            "description": "Symfony EventDispatcher Component",
            "homepage": "http://symfony.com"
        },
        {
            "name": "symfony/http-foundation",
            "version": "2.0.x-dev",
            "target-dir": "Symfony/Component/HttpFoundation",
            "source": {
                "type": "git",
                "url": "https://github.com/symfony/HttpFoundation",
                "reference": "v2.0.17"
            },
            "dist": {
                "type": "zip",
                "url": "https://github.com/symfony/HttpFoundation/zipball/v2.0.17",
                "reference": "v2.0.17",
                "shasum": ""
            },
            "require": {
                "php": ">=5.3.2"
            },
            "time": "1343367114",
            "type": "library",
            "installation-source": "source",
            "autoload": {
                "psr-0": {
                    "Symfony\\Component\\HttpFoundation": ""
                }
            }
        },
        {
            "name": "twitter/bootstrap",
            "version": "master",
            "source": {
                "type": "git",
                "url": "https://github.com/twitter/bootstrap.git",
                "reference": "master"
            },
            "dist": {
                "type": "zip",
                "url": "https://github.com/twitter/bootstrap/zipball/master",
                "reference": null,
                "shasum": null
            },
            "type": "library",
            "installation-source": "source",
            "time": "1346816651"
        },
        {
            "name": "vdump/vdump",
            "version": "0.1.0",
            "target-dir": "vdump",
            "source": {
                "type": "git",
                "url": "https://github.com/koriym/vdump.git",
                "reference": "master"
            },
            "dist": {
                "type": "zip",
                "url": "https://github.com/koriym/vdump/zipball/master",
                "reference": null,
                "shasum": null
            },
            "type": "library",
            "installation-source": "dist"
        }
    ],
    "packages-dev": null,
    "aliases": [

    ],
    "minimum-stability": "dev",
    "stability-flags": {
        "aura/autoload": 20,
        "aura/di": 20,
        "aura/router": 20,
        "aura/signal": 20,
        "aura/web": 20,
        "bear/resource": 20,
        "doctrine/common": 20,
        "doctrine/dbal": 20,
        "pagerfanta/pagerfanta": 20,
        "ray/aop": 20,
        "ray/di": 20,
        "firephp/firephp-core": 20,
        "twitter/bootstrap": 20,
        "crodas/haanga": 20,
        "twig/twig": 20,
        "zendframework/zend-loader": 20,
        "zendframework/zend-eventmanager": 20,
        "zendframework/zend-servicemanager": 20,
        "zendframework/zend-cache": 20,
        "zendframework/zend-log": 20,
        "zendframework/zend-stdlib": 20
    }
}
