{
    "hash": "6b68ed436fbd92a0c96a3446691014bd",
    "packages": [
        {
            "package": "Aura/Autoload",
            "version": "dev-master",
            "source-reference": "1.0.0-beta3",
            "commit-date": "1343709875"
        },
        {
            "package": "Aura/Web",
            "version": "dev-master",
            "source-reference": "1.0.0-beta3",
            "commit-date": "1343710300"
        },
        {
            "package": "Ray/Aop",
            "version": "dev-master",
            "source-reference": "2d118d33454a2c2006b83a2d62ae9270eea33413",
            "commit-date": "1345435456"
        },
        {
            "package": "Ray/Di",
            "version": "dev-master",
            "source-reference": "1.0.0-beta1",
            "commit-date": "1345435997"
        },
        {
            "package": "aura/di",
            "version": "dev-master",
            "source-reference": "8730acf19625fb74fca9f5ec8a0f80012c754442",
            "commit-date": "1346013492"
        },
        {
            "package": "aura/router",
            "version": "dev-master",
            "source-reference": "1.0.0-beta3",
            "commit-date": "1343710018"
        },
        {
            "package": "aura/signal",
            "version": "dev-master",
            "source-reference": "1.0.0-beta3",
            "commit-date": "1343710041"
        },
        {
            "package": "bear/resource",
            "version": "dev-master",
            "source-reference": "3ddcec26fff10de135cd40cb29368dac9a8a620d",
            "commit-date": "1346954882"
        },
        {
            "package": "doctrine/common",
            "version": "2.3.x-dev",
            "source-reference": "605b1b8b5a7bc8daf9111fb35483e5708e30de35",
            "commit-date": "1346249247"
        },
        {
            "package": "doctrine/dbal",
            "version": "2.3.x-dev",
            "source-reference": "239630b61f03f39d198441eced1bfffb7b0e61d1",
            "commit-date": "1346866589"
        },
        {
            "package": "facebook/xhprof",
            "version": "0.9.2"
        },
        {
            "package": "firephp/firephp-core",
            "version": "dev-master",
            "source-reference": "c26d972dcb28fd483fa193512091df7b3c85e450",
            "commit-date": "1338250094"
        },
        {
            "package": "guzzle/guzzle",
            "version": "v2.7.2"
        },
        {
            "package": "monolog/monolog",
            "version": "dev-master",
            "alias-pretty-version": "1.3.x-dev",
            "alias-version": "1.3.9999999.9999999-dev"
        },
        {
            "package": "monolog/monolog",
            "version": "dev-master",
            "source-reference": "a929570bb7688b39fefe4106f0ecf0ac35f37647",
            "commit-date": "1346873566"
        },
        {
            "package": "nocarrier/hal",
            "version": "dev-master",
            "source-reference": "8df21bd985b0995a8316ef18448cdf28d50dbc90",
            "commit-date": "1340720820"
        },
        {
            "package": "pagerfanta/pagerfanta",
            "version": "dev-master",
            "source-reference": "12f71d99457b018fb80746f84514dd5b495c5789",
            "commit-date": "1345672591"
        },
        {
            "package": "printo/printo",
            "version": "dev-master",
            "source-reference": "0cd9c846a68655122bfcef7d79e2e893329eaecf",
            "commit-date": "1345448885"
        },
        {
            "package": "smarty/smarty",
            "version": "v3.1.11"
        },
        {
            "package": "symfony/console",
            "version": "2.0.x-dev",
            "source-reference": "v2.0.17",
            "commit-date": "1342761932"
        },
        {
            "package": "symfony/event-dispatcher",
            "version": "dev-master",
            "alias-pretty-version": "2.1.x-dev",
            "alias-version": "2.1.9999999.9999999-dev"
        },
        {
            "package": "symfony/event-dispatcher",
            "version": "dev-master",
            "source-reference": "v2.1.0",
            "commit-date": "1345643321"
        },
        {
            "package": "symfony/http-foundation",
            "version": "2.0.x-dev",
            "source-reference": "v2.0.17",
            "commit-date": "1343367114"
        },
        {
            "package": "twitter/bootstrap",
            "version": "master",
            "source-reference": "master",
            "commit-date": "1345529623"
        },
        {
            "package": "vdump/vdump",
            "version": "0.1.0"
        }
    ],
    "packages-dev": null,
    "aliases": [

    ],
    "minimum-stability": "dev",
    "stability-flags": {
        "aura/autoload": 20,
        "aura/di": 20,
        "aura/router": 20,
        "aura/signal": 20,
        "aura/web": 20,
        "bear/resource": 20,
        "doctrine/common": 20,
        "doctrine/dbal": 20,
        "pagerfanta/pagerfanta": 20,
        "ray/aop": 20,
        "ray/di": 20,
        "firephp/firephp-core": 20,
        "twitter/bootstrap": 20,
        "crodas/haanga": 20,
        "twig/twig": 20,
        "zendframework/zend-loader": 20,
        "zendframework/zend-eventmanager": 20,
        "zendframework/zend-servicemanager": 20,
        "zendframework/zend-cache": 20,
        "zendframework/zend-log": 20,
        "zendframework/zend-stdlib": 20
    }
}
